{
  "name": "lwu-css-demo",
  "lockfileVersion": 3,
  "requires": true,
  "packages": {
    "": {
      "dependencies": {
        "lwu-request": "^1.6.4"
      }
    },
    "../../lwu-css/packages/lwu-css": {
      "version": "1.0.1",
      "extraneous": true,
      "license": "MIT",
      "dependencies": {
        "@kviewui/color-builder": "^1.0.5"
      }
    },
    "node_modules/lwu-request": {
      "version": "1.6.4",
      "resolved": "https://registry.npmjs.org/lwu-request/-/lwu-request-1.6.4.tgz",
      "integrity": "sha512-eO7tELzs2uHD1oobPslGlHPL/X7Ps/4VH/wqx+JrdfvAmiN4SugmSkv22oMJXqWVDhyDsmK9JANBXWdHGwjrtA=="
    }
  }
}
